# This file is autogenerated, do not edit; changes may be undone by the next 'dep ensure'.


[[projects]]
  digest = "1:e92f5581902c345eb4ceffdcd4a854fb8f73cf436d47d837d1ec98ef1fe0a214"
  name = "github.com/StackExchange/wmi"
  packages = ["."]
  pruneopts = "UT"
  revision = "5d049714c4a64225c3c79a7cf7d02f7fb5b96338"
  version = "1.0.0"

[[projects]]
  digest = "1:e574dab86697e4e3a8e2e815e0e932cfbf3618e74d6379d8732b33757e11b23d"
  name = "github.com/allegro/bigcache"
  packages = [
    ".",
    "queue",
  ]
  pruneopts = "UT"
  revision = "e24eb225f15679bbe54f91bfa7da3b00e59b9768"

[[projects]]
  digest = "1:f5322546f652db78b7a8efd35047a61d1e492abca2263e1c647eca49e1c8a354"
  name = "github.com/aristanetworks/goarista"
  packages = ["monotime"]
  pruneopts = "UT"
  revision = "ea17b1a17847fb6e4c0a91de0b674704693469b0"

[[projects]]
  digest = "1:477f6df8a1915abb180d730179a4a45212328effdf98cc6ca5b0e5741db00125"
  name = "github.com/btcsuite/btcd"
  packages = ["btcec"]
  pruneopts = "UT"
  revision = "2e60448ffcc6bf78332d1fe590260095f554dd78"

[[projects]]
  digest = "1:1aeb4854a1c278e842712cd6684f48d595cbdd7839655d37a77248efa08c9fc0"
  name = "github.com/deckarep/golang-set"
  packages = ["."]
  pruneopts = "UT"
  revision = "504e848d77ea4752b3057b8fb46da0e7f746ccf3"

[[projects]]
  digest = "1:e7c526eb232bb9f1312630d216dd4242c902901a4e820deb6b17aabfb3010992"
  name = "github.com/elastic/gosigar"
  packages = [
    ".",
    "sys/windows",
  ]
  pruneopts = "UT"
  revision = "37f05ff46ffa7a825d1b24cf2b62d4a4c1a9d2e8"

[[projects]]
  digest = "1:b154ddfbd682974e3b642136bd889218bad08b9d03bc63c5f6c01e22015e9039"
  name = "github.com/ethereum/go-ethereum"
  packages = [
    ".",
    "common",
    "common/hexutil",
    "common/math",
    "common/mclock",
    "common/prque",
    "core/types",
    "crypto",
    "crypto/secp256k1",
    "ethclient",
    "ethdb",
    "log",
    "metrics",
    "p2p/netutil",
    "params",
    "rlp",
    "rpc",
    "trie",
  ]
  pruneopts = "UT"
  revision = "b7b2f60f866d92e75db5bfe5be51b48eadeb3150"
  version = "v1.9.1"

[[projects]]
  digest = "1:440028f55cb322d8cb5b9d5ebec298a00b7d74690a658fe6b1c0c0b44341bfae"
  name = "github.com/go-ole/go-ole"
  packages = [
    ".",
    "oleutil",
  ]
  pruneopts = "UT"
  revision = "97b6244175ae18ea6eef668034fd6565847501c9"
  version = "v1.2.4"

[[projects]]
  digest = "1:33542eaf895b5489ccfb059502a721f0e8875379da8b3ff60fdd9212d503705c"
  name = "github.com/go-stack/stack"
  packages = ["."]
  pruneopts = "UT"
  revision = "54be5f394ed2c3e19dac9134a40a95ba5a017f7b"
  version = "v1.5.4"

[[projects]]
  digest = "1:b117faf01abdbdadd7b8ceeae74cd1369c1b073fef41aee8b674c9d704a54c16"
  name = "github.com/gorilla/handlers"
  packages = ["."]
  pruneopts = "UT"
  revision = "8a3748addc242fc560bd6d4ff28b0374c010b1b4"
  version = "v1.4.2"

[[projects]]
  digest = "1:cbec35fe4d5a4fba369a656a8cd65e244ea2c743007d8f6c1ccb132acf9d1296"
  name = "github.com/gorilla/mux"
  packages = ["."]
  pruneopts = "UT"
  revision = "00bdffe0f3c77e27d2cf6f5c70232a2d3e4d9c15"
  version = "v1.7.3"

[[projects]]
  branch = "master"
  digest = "1:eb4427b04427d572de4176fc54e599c9054513ce558042c75bbd5b13a89b38d8"
  name = "github.com/gorilla/websocket"
  packages = ["."]
  pruneopts = "UT"
  revision = "ae1634f6a98965ded3b8789c626cb4e0bd78c3de"

[[projects]]
  digest = "1:31e761d97c76151dde79e9d28964a812c46efc5baee4085b86f68f0c654450de"
  name = "github.com/konsorten/go-windows-terminal-sequences"
  packages = ["."]
  pruneopts = "UT"
  revision = "f55edac94c9bbba5d6182a4be46d86a2c9b5b50e"
  version = "v1.0.2"

[[projects]]
  digest = "1:cf31692c14422fa27c83a05292eb5cbe0fb2775972e8f1f8446a71549bd8980b"
  name = "github.com/pkg/errors"
  packages = ["."]
  pruneopts = "UT"
  revision = "ba968bfe8b2f7e042a574c888954fccecfa385b4"
  version = "v0.8.1"

[[projects]]
  digest = "1:4b9bd28bbf14271f4b89a6c401589ea5939d14138e0399c253c1939cc4252d2f"
  name = "github.com/rs/cors"
  packages = ["."]
  pruneopts = "UT"
  revision = "a62a804a8a009876ca59105f7899938a1349f4b3"
  version = "v1.0"

[[projects]]
  digest = "1:9665a593c0199c193341b8b110e31b19c899923711fc70bde2c2f3eb2d337526"
  name = "github.com/rs/xhandler"
  packages = ["."]
  pruneopts = "UT"
  revision = "d9d9599b6aaf6a058cb7b1f48291ded2cbd13390"
  version = "v1.0"

[[projects]]
  digest = "1:04457f9f6f3ffc5fea48e71d62f2ca256637dee0a04d710288e27e05c8b41976"
  name = "github.com/sirupsen/logrus"
  packages = ["."]
  pruneopts = "UT"
  revision = "839c75faf7f98a33d445d181f3018b5c3409a45e"
  version = "v1.4.2"

[[projects]]
  branch = "master"
  digest = "1:93a3f1d1cbda580d4e0354f3a5449b9cb9a660c41b94fbf646fa9b7d4247c4c2"
  name = "github.com/steakknife/bloomfilter"
  packages = ["."]
  pruneopts = "UT"
  revision = "6819c0d2a57025e1700378ee59b7382d71987f14"

[[projects]]
  digest = "1:5ca4bdccd72e66aaba5b52f9c4a21f1021102f0919432fe138ad5d48abf06833"
  name = "github.com/steakknife/hamming"
  packages = ["."]
  pruneopts = "UT"
  revision = "003c143a81c25ea5e263d692919c611c7122ae6b"
  version = "0.2.5"

[[projects]]
  digest = "1:a4746994e0de90b81252c00616e6f904e5a8d03ec55da3ff3c447a7d5ddae7e1"
  name = "golang.org/x/crypto"
  packages = ["sha3"]
  pruneopts = "UT"
  revision = "ff983b9c42bc9fbf91556e191cc8efb585c16908"

[[projects]]
  branch = "master"
  digest = "1:76ee51c3f468493aff39dbacc401e8831fbb765104cbf613b89bef01cf4bad70"
  name = "golang.org/x/net"
  packages = ["context"]
  pruneopts = "UT"
  revision = "ca1201d0de80cfde86cb01aea620983605dfe99b"

[[projects]]
  branch = "master"
  digest = "1:00d73f8175ba939718fdfc3d3ecab52270c6d801a1930fbca62100f9a4d8f4c1"
  name = "golang.org/x/sys"
  packages = [
    "unix",
    "windows",
  ]
  pruneopts = "UT"
  revision = "51ab0e2deafac1f46c46ad59cf0921be2f180c3d"

[[projects]]
  branch = "v2"
  digest = "1:97621dcf0e6186638399ed6848aaf14b70cedaa2590e6ce3d3f8c723f30a94bb"
  name = "gopkg.in/mgo.v2"
  packages = [
    ".",
    "bson",
    "dbtest",
    "internal/json",
    "internal/sasl",
    "internal/scram",
  ]
  pruneopts = "UT"
  revision = "9856a29383ce1c59f308dd1cf0363a79b5bef6b5"

[[projects]]
  branch = "v2"
  digest = "1:3d3f9391ab615be8655ae0d686a1564f3fec413979bb1aaf018bac1ec1bb1cc7"
  name = "gopkg.in/natefinch/npipe.v2"
  packages = ["."]
  pruneopts = "UT"
  revision = "c1b8fa8bdccecb0b8db834ee0b92fdbcfa606dd6"

[[projects]]
  branch = "v2"
  digest = "1:5bb148b78468350091db2ffbb2370f35cc6dcd74d9378a31b1c7b86ff7528f08"
  name = "gopkg.in/tomb.v2"
  packages = ["."]
  pruneopts = "UT"
  revision = "d5d1b5820637886def9eef33e03a27a9f166942c"

[solve-meta]
  analyzer-name = "dep"
  analyzer-version = 1
  input-imports = [
    "github.com/ethereum/go-ethereum/core/types",
    "github.com/ethereum/go-ethereum/ethclient",
    "github.com/gorilla/handlers",
    "github.com/gorilla/mux",
    "github.com/sirupsen/logrus",
    "gopkg.in/mgo.v2",
    "gopkg.in/mgo.v2/bson",
    "gopkg.in/mgo.v2/dbtest",
    "gopkg.in/tomb.v2",
  ]
  solver-name = "gps-cdcl"
  solver-version = 1
